// !$*UTF8*$!
{
	archiveVersion = 1;
	classes = {
	};
	objectVersion = 55;
	objects = {

/* Begin PBXBuildFile section */
		73C2AB2C292E96B500866BF2 /* AuthManager.swift in Sources */ = {isa = PBXBuildFile; fileRef = 73C2AB2B292E96B500866BF2 /* AuthManager.swift */; };
		73C2AB2E292E9A1400866BF2 /* TabBarViewController.swift in Sources */ = {isa = PBXBuildFile; fileRef = 73C2AB2D292E9A1400866BF2 /* TabBarViewController.swift */; };
		73C2AB31292EA34000866BF2 /* SearchViewController.swift in Sources */ = {isa = PBXBuildFile; fileRef = 73C2AB30292EA34000866BF2 /* SearchViewController.swift */; };
		73C2AB33292F968F00866BF2 /* RepositoryManager.swift in Sources */ = {isa = PBXBuildFile; fileRef = 73C2AB32292F968F00866BF2 /* RepositoryManager.swift */; };
		73C2AB35292F96C900866BF2 /* Repository.swift in Sources */ = {isa = PBXBuildFile; fileRef = 73C2AB34292F96C900866BF2 /* Repository.swift */; };
		73C2AB3829363C6800866BF2 /* CustomTableViewCell.swift in Sources */ = {isa = PBXBuildFile; fileRef = 73C2AB3629363C6800866BF2 /* CustomTableViewCell.swift */; };
		73C2AB3929363C6800866BF2 /* CustomTableViewCell.xib in Resources */ = {isa = PBXBuildFile; fileRef = 73C2AB3729363C6800866BF2 /* CustomTableViewCell.xib */; };
		84BA9EEE292D10D200C65127 /* NetworkRequest.swift in Sources */ = {isa = PBXBuildFile; fileRef = 84BA9EED292D10D200C65127 /* NetworkRequest.swift */; };
		84BA9EF0292D117C00C65127 /* User.swift in Sources */ = {isa = PBXBuildFile; fileRef = 84BA9EEF292D117C00C65127 /* User.swift */; };
		84C04678292CC5C900CBD178 /* AppDelegate.swift in Sources */ = {isa = PBXBuildFile; fileRef = 84C04677292CC5C900CBD178 /* AppDelegate.swift */; };
		84C0467A292CC5C900CBD178 /* SceneDelegate.swift in Sources */ = {isa = PBXBuildFile; fileRef = 84C04679292CC5C900CBD178 /* SceneDelegate.swift */; };
		84C0467C292CC5C900CBD178 /* LoginViewController.swift in Sources */ = {isa = PBXBuildFile; fileRef = 84C0467B292CC5C900CBD178 /* LoginViewController.swift */; };
		84C04681292CC5CA00CBD178 /* Assets.xcassets in Resources */ = {isa = PBXBuildFile; fileRef = 84C04680292CC5CA00CBD178 /* Assets.xcassets */; };
		84C04684292CC5CA00CBD178 /* LaunchScreen.storyboard in Resources */ = {isa = PBXBuildFile; fileRef = 84C04682292CC5CA00CBD178 /* LaunchScreen.storyboard */; };
		84C0468C292CD9E200CBD178 /* Constants.swift in Sources */ = {isa = PBXBuildFile; fileRef = 84C0468B292CD9E200CBD178 /* Constants.swift */; };
		84C6FD54292CE77900F098F7 /* ProfileUserManager.swift in Sources */ = {isa = PBXBuildFile; fileRef = 84C6FD53292CE77900F098F7 /* ProfileUserManager.swift */; };
/* End PBXBuildFile section */

/* Begin PBXFileReference section */
		73C2AB2B292E96B500866BF2 /* AuthManager.swift */ = {isa = PBXFileReference; lastKnownFileType = sourcecode.swift; path = AuthManager.swift; sourceTree = "<group>"; };
		73C2AB2D292E9A1400866BF2 /* TabBarViewController.swift */ = {isa = PBXFileReference; lastKnownFileType = sourcecode.swift; path = TabBarViewController.swift; sourceTree = "<group>"; };
		73C2AB30292EA34000866BF2 /* SearchViewController.swift */ = {isa = PBXFileReference; lastKnownFileType = sourcecode.swift; path = SearchViewController.swift; sourceTree = "<group>"; };
		73C2AB32292F968F00866BF2 /* RepositoryManager.swift */ = {isa = PBXFileReference; lastKnownFileType = sourcecode.swift; path = RepositoryManager.swift; sourceTree = "<group>"; };
		73C2AB34292F96C900866BF2 /* Repository.swift */ = {isa = PBXFileReference; lastKnownFileType = sourcecode.swift; path = Repository.swift; sourceTree = "<group>"; };
		73C2AB3629363C6800866BF2 /* CustomTableViewCell.swift */ = {isa = PBXFileReference; lastKnownFileType = sourcecode.swift; path = CustomTableViewCell.swift; sourceTree = "<group>"; };
		73C2AB3729363C6800866BF2 /* CustomTableViewCell.xib */ = {isa = PBXFileReference; lastKnownFileType = file.xib; path = CustomTableViewCell.xib; sourceTree = "<group>"; };
		84BA9EED292D10D200C65127 /* NetworkRequest.swift */ = {isa = PBXFileReference; lastKnownFileType = sourcecode.swift; path = NetworkRequest.swift; sourceTree = "<group>"; };
		84BA9EEF292D117C00C65127 /* User.swift */ = {isa = PBXFileReference; lastKnownFileType = sourcecode.swift; path = User.swift; sourceTree = "<group>"; };
		84C04674292CC5C900CBD178 /* GitHubSearcher.app */ = {isa = PBXFileReference; explicitFileType = wrapper.application; includeInIndex = 0; path = GitHubSearcher.app; sourceTree = BUILT_PRODUCTS_DIR; };
		84C04677292CC5C900CBD178 /* AppDelegate.swift */ = {isa = PBXFileReference; lastKnownFileType = sourcecode.swift; path = AppDelegate.swift; sourceTree = "<group>"; };
		84C04679292CC5C900CBD178 /* SceneDelegate.swift */ = {isa = PBXFileReference; lastKnownFileType = sourcecode.swift; path = SceneDelegate.swift; sourceTree = "<group>"; };
		84C0467B292CC5C900CBD178 /* LoginViewController.swift */ = {isa = PBXFileReference; lastKnownFileType = sourcecode.swift; path = LoginViewController.swift; sourceTree = "<group>"; };
		84C04680292CC5CA00CBD178 /* Assets.xcassets */ = {isa = PBXFileReference; lastKnownFileType = folder.assetcatalog; path = Assets.xcassets; sourceTree = "<group>"; };
		84C04683292CC5CA00CBD178 /* Base */ = {isa = PBXFileReference; lastKnownFileType = file.storyboard; name = Base; path = Base.lproj/LaunchScreen.storyboard; sourceTree = "<group>"; };
		84C04685292CC5CA00CBD178 /* Info.plist */ = {isa = PBXFileReference; lastKnownFileType = text.plist.xml; path = Info.plist; sourceTree = "<group>"; };
		84C0468B292CD9E200CBD178 /* Constants.swift */ = {isa = PBXFileReference; lastKnownFileType = sourcecode.swift; path = Constants.swift; sourceTree = "<group>"; };
		84C6FD53292CE77900F098F7 /* ProfileUserManager.swift */ = {isa = PBXFileReference; lastKnownFileType = sourcecode.swift; path = ProfileUserManager.swift; sourceTree = "<group>"; };
/* End PBXFileReference section */

/* Begin PBXFrameworksBuildPhase section */
		84C04671292CC5C900CBD178 /* Frameworks */ = {
			isa = PBXFrameworksBuildPhase;
			buildActionMask = 2147483647;
			files = (
			);
			runOnlyForDeploymentPostprocessing = 0;
		};
/* End PBXFrameworksBuildPhase section */

/* Begin PBXGroup section */
		73C2AB2A292E4A6F00866BF2 /* Screens */ = {
			isa = PBXGroup;
			children = (
				73C2AB2F292EA20600866BF2 /* TabBarViewController */,
				84C0467B292CC5C900CBD178 /* LoginViewController.swift */,
				73C2AB30292EA34000866BF2 /* SearchViewController.swift */,
			);
			path = Screens;
			sourceTree = "<group>";
		};
		73C2AB2F292EA20600866BF2 /* TabBarViewController */ = {
			isa = PBXGroup;
			children = (
				73C2AB2D292E9A1400866BF2 /* TabBarViewController.swift */,
			);
			path = TabBarViewController;
			sourceTree = "<group>";
		};
		73C2AB3A29363D4100866BF2 /* Cells */ = {
			isa = PBXGroup;
			children = (
				73C2AB3629363C6800866BF2 /* CustomTableViewCell.swift */,
				73C2AB3729363C6800866BF2 /* CustomTableViewCell.xib */,
			);
			path = Cells;
			sourceTree = "<group>";
		};
		84BA9EEA292D10A800C65127 /* Models */ = {
			isa = PBXGroup;
			children = (
				84BA9EED292D10D200C65127 /* NetworkRequest.swift */,
				84BA9EEF292D117C00C65127 /* User.swift */,
				73C2AB34292F96C900866BF2 /* Repository.swift */,
			);
			path = Models;
			sourceTree = "<group>";
		};
		84C0466B292CC5C900CBD178 = {
			isa = PBXGroup;
			children = (
				84C04676292CC5C900CBD178 /* GitHubSearcher */,
				84C04675292CC5C900CBD178 /* Products */,
			);
			sourceTree = "<group>";
		};
		84C04675292CC5C900CBD178 /* Products */ = {
			isa = PBXGroup;
			children = (
				84C04674292CC5C900CBD178 /* GitHubSearcher.app */,
			);
			name = Products;
			sourceTree = "<group>";
		};
		84C04676292CC5C900CBD178 /* GitHubSearcher */ = {
			isa = PBXGroup;
			children = (
				73C2AB3A29363D4100866BF2 /* Cells */,
				73C2AB2A292E4A6F00866BF2 /* Screens */,
				84BA9EEA292D10A800C65127 /* Models */,
				84C6FD50292CE12800F098F7 /* Managers */,
				84C04677292CC5C900CBD178 /* AppDelegate.swift */,
				84C04679292CC5C900CBD178 /* SceneDelegate.swift */,
				84C04680292CC5CA00CBD178 /* Assets.xcassets */,
				84C04682292CC5CA00CBD178 /* LaunchScreen.storyboard */,
				84C04685292CC5CA00CBD178 /* Info.plist */,
				84C0468B292CD9E200CBD178 /* Constants.swift */,
			);
			path = GitHubSearcher;
			sourceTree = "<group>";
		};
		84C6FD50292CE12800F098F7 /* Managers */ = {
			isa = PBXGroup;
			children = (
				84C6FD53292CE77900F098F7 /* ProfileUserManager.swift */,
				73C2AB2B292E96B500866BF2 /* AuthManager.swift */,
				73C2AB32292F968F00866BF2 /* RepositoryManager.swift */,
			);
			path = Managers;
			sourceTree = "<group>";
		};
/* End PBXGroup section */

/* Begin PBXNativeTarget section */
		84C04673292CC5C900CBD178 /* GitHubSearcher */ = {
			isa = PBXNativeTarget;
			buildConfigurationList = 84C04688292CC5CA00CBD178 /* Build configuration list for PBXNativeTarget "GitHubSearcher" */;
			buildPhases = (
				84C04670292CC5C900CBD178 /* Sources */,
				84C04671292CC5C900CBD178 /* Frameworks */,
				84C04672292CC5C900CBD178 /* Resources */,
			);
			buildRules = (
			);
			dependencies = (
			);
			name = GitHubSearcher;
			productName = GitHubSearcher;
			productReference = 84C04674292CC5C900CBD178 /* GitHubSearcher.app */;
			productType = "com.apple.product-type.application";
		};
/* End PBXNativeTarget section */

/* Begin PBXProject section */
		84C0466C292CC5C900CBD178 /* Project object */ = {
			isa = PBXProject;
			attributes = {
				BuildIndependentTargetsInParallel = 1;
				LastSwiftUpdateCheck = 1340;
				LastUpgradeCheck = 1340;
				TargetAttributes = {
					84C04673292CC5C900CBD178 = {
						CreatedOnToolsVersion = 13.4.1;
					};
				};
			};
			buildConfigurationList = 84C0466F292CC5C900CBD178 /* Build configuration list for PBXProject "GitHubSearcher" */;
			compatibilityVersion = "Xcode 13.0";
			developmentRegion = en;
			hasScannedForEncodings = 0;
			knownRegions = (
				en,
				Base,
			);
			mainGroup = 84C0466B292CC5C900CBD178;
			productRefGroup = 84C04675292CC5C900CBD178 /* Products */;
			projectDirPath = "";
			projectRoot = "";
			targets = (
				84C04673292CC5C900CBD178 /* GitHubSearcher */,
			);
		};
/* End PBXProject section */

/* Begin PBXResourcesBuildPhase section */
		84C04672292CC5C900CBD178 /* Resources */ = {
			isa = PBXResourcesBuildPhase;
			buildActionMask = 2147483647;
			files = (
				84C04684292CC5CA00CBD178 /* LaunchScreen.storyboard in Resources */,
				84C04681292CC5CA00CBD178 /* Assets.xcassets in Resources */,
				73C2AB3929363C6800866BF2 /* CustomTableViewCell.xib in Resources */,
			);
			runOnlyForDeploymentPostprocessing = 0;
		};
/* End PBXResourcesBuildPhase section */

/* Begin PBXSourcesBuildPhase section */
		84C04670292CC5C900CBD178 /* Sources */ = {
			isa = PBXSourcesBuildPhase;
			buildActionMask = 2147483647;
			files = (
				73C2AB33292F968F00866BF2 /* RepositoryManager.swift in Sources */,
				73C2AB31292EA34000866BF2 /* SearchViewController.swift in Sources */,
				84BA9EEE292D10D200C65127 /* NetworkRequest.swift in Sources */,
				73C2AB2C292E96B500866BF2 /* AuthManager.swift in Sources */,
				84C0467C292CC5C900CBD178 /* LoginViewController.swift in Sources */,
				84C6FD54292CE77900F098F7 /* ProfileUserManager.swift in Sources */,
				73C2AB2E292E9A1400866BF2 /* TabBarViewController.swift in Sources */,
				84C04678292CC5C900CBD178 /* AppDelegate.swift in Sources */,
				84BA9EF0292D117C00C65127 /* User.swift in Sources */,
				84C0467A292CC5C900CBD178 /* SceneDelegate.swift in Sources */,
				84C0468C292CD9E200CBD178 /* Constants.swift in Sources */,
				73C2AB35292F96C900866BF2 /* Repository.swift in Sources */,
				73C2AB3829363C6800866BF2 /* CustomTableViewCell.swift in Sources */,
			);
			runOnlyForDeploymentPostprocessing = 0;
		};
/* End PBXSourcesBuildPhase section */

/* Begin PBXVariantGroup section */
		84C04682292CC5CA00CBD178 /* LaunchScreen.storyboard */ = {
			isa = PBXVariantGroup;
			children = (
				84C04683292CC5CA00CBD178 /* Base */,
			);
			name = LaunchScreen.storyboard;
			sourceTree = "<group>";
		};
/* End PBXVariantGroup section */

/* Begin XCBuildConfiguration section */
		84C04686292CC5CA00CBD178 /* Debug */ = {
			isa = XCBuildConfiguration;
			buildSettings = {
				ALWAYS_SEARCH_USER_PATHS = NO;
				CLANG_ANALYZER_NONNULL = YES;
				CLANG_ANALYZER_NUMBER_OBJECT_CONVERSION = YES_AGGRESSIVE;
				CLANG_CXX_LANGUAGE_STANDARD = "gnu++17";
				CLANG_ENABLE_MODULES = YES;
				CLANG_ENABLE_OBJC_ARC = YES;
				CLANG_ENABLE_OBJC_WEAK = YES;
				CLANG_WARN_BLOCK_CAPTURE_AUTORELEASING = YES;
				CLANG_WARN_BOOL_CONVERSION = YES;
				CLANG_WARN_COMMA = YES;
				CLANG_WARN_CONSTANT_CONVERSION = YES;
				CLANG_WARN_DEPRECATED_OBJC_IMPLEMENTATIONS = YES;
				CLANG_WARN_DIRECT_OBJC_ISA_USAGE = YES_ERROR;
				CLANG_WARN_DOCUMENTATION_COMMENTS = YES;
				CLANG_WARN_EMPTY_BODY = YES;
				CLANG_WARN_ENUM_CONVERSION = YES;
				CLANG_WARN_INFINITE_RECURSION = YES;
				CLANG_WARN_INT_CONVERSION = YES;
				CLANG_WARN_NON_LITERAL_NULL_CONVERSION = YES;
				CLANG_WARN_OBJC_IMPLICIT_RETAIN_SELF = YES;
				CLANG_WARN_OBJC_LITERAL_CONVERSION = YES;
				CLANG_WARN_OBJC_ROOT_CLASS = YES_ERROR;
				CLANG_WARN_QUOTED_INCLUDE_IN_FRAMEWORK_HEADER = YES;
				CLANG_WARN_RANGE_LOOP_ANALYSIS = YES;
				CLANG_WARN_STRICT_PROTOTYPES = YES;
				CLANG_WARN_SUSPICIOUS_MOVE = YES;
				CLANG_WARN_UNGUARDED_AVAILABILITY = YES_AGGRESSIVE;
				CLANG_WARN_UNREACHABLE_CODE = YES;
				CLANG_WARN__DUPLICATE_METHOD_MATCH = YES;
				COPY_PHASE_STRIP = NO;
				DEBUG_INFORMATION_FORMAT = dwarf;
				ENABLE_STRICT_OBJC_MSGSEND = YES;
				ENABLE_TESTABILITY = YES;
				GCC_C_LANGUAGE_STANDARD = gnu11;
				GCC_DYNAMIC_NO_PIC = NO;
				GCC_NO_COMMON_BLOCKS = YES;
				GCC_OPTIMIZATION_LEVEL = 0;
				GCC_PREPROCESSOR_DEFINITIONS = (
					"DEBUG=1",
					"$(inherited)",
				);
				GCC_WARN_64_TO_32_BIT_CONVERSION = YES;
				GCC_WARN_ABOUT_RETURN_TYPE = YES_ERROR;
				GCC_WARN_UNDECLARED_SELECTOR = YES;
				GCC_WARN_UNINITIALIZED_AUTOS = YES_AGGRESSIVE;
				GCC_WARN_UNUSED_FUNCTION = YES;
				GCC_WARN_UNUSED_VARIABLE = YES;
				IPHONEOS_DEPLOYMENT_TARGET = 15.5;
				MTL_ENABLE_DEBUG_INFO = INCLUDE_SOURCE;
				MTL_FAST_MATH = YES;
				ONLY_ACTIVE_ARCH = YES;
				SDKROOT = iphoneos;
				SWIFT_ACTIVE_COMPILATION_CONDITIONS = DEBUG;
				SWIFT_OPTIMIZATION_LEVEL = "-Onone";
			};
			name = Debug;
		};
		84C04687292CC5CA00CBD178 /* Release */ = {
			isa = XCBuildConfiguration;
			buildSettings = {
				ALWAYS_SEARCH_USER_PATHS = NO;
				CLANG_ANALYZER_NONNULL = YES;
				CLANG_ANALYZER_NUMBER_OBJECT_CONVERSION = YES_AGGRESSIVE;
				CLANG_CXX_LANGUAGE_STANDARD = "gnu++17";
				CLANG_ENABLE_MODULES = YES;
				CLANG_ENABLE_OBJC_ARC = YES;
				CLANG_ENABLE_OBJC_WEAK = YES;
				CLANG_WARN_BLOCK_CAPTURE_AUTORELEASING = YES;
				CLANG_WARN_BOOL_CONVERSION = YES;
				CLANG_WARN_COMMA = YES;
				CLANG_WARN_CONSTANT_CONVERSION = YES;
				CLANG_WARN_DEPRECATED_OBJC_IMPLEMENTATIONS = YES;
				CLANG_WARN_DIRECT_OBJC_ISA_USAGE = YES_ERROR;
				CLANG_WARN_DOCUMENTATION_COMMENTS = YES;
				CLANG_WARN_EMPTY_BODY = YES;
				CLANG_WARN_ENUM_CONVERSION = YES;
				CLANG_WARN_INFINITE_RECURSION = YES;
				CLANG_WARN_INT_CONVERSION = YES;
				CLANG_WARN_NON_LITERAL_NULL_CONVERSION = YES;
				CLANG_WARN_OBJC_IMPLICIT_RETAIN_SELF = YES;
				CLANG_WARN_OBJC_LITERAL_CONVERSION = YES;
				CLANG_WARN_OBJC_ROOT_CLASS = YES_ERROR;
				CLANG_WARN_QUOTED_INCLUDE_IN_FRAMEWORK_HEADER = YES;
				CLANG_WARN_RANGE_LOOP_ANALYSIS = YES;
				CLANG_WARN_STRICT_PROTOTYPES = YES;
				CLANG_WARN_SUSPICIOUS_MOVE = YES;
				CLANG_WARN_UNGUARDED_AVAILABILITY = YES_AGGRESSIVE;
				CLANG_WARN_UNREACHABLE_CODE = YES;
				CLANG_WARN__DUPLICATE_METHOD_MATCH = YES;
				COPY_PHASE_STRIP = NO;
				DEBUG_INFORMATION_FORMAT = "dwarf-with-dsym";
				ENABLE_NS_ASSERTIONS = NO;
				ENABLE_STRICT_OBJC_MSGSEND = YES;
				GCC_C_LANGUAGE_STANDARD = gnu11;
				GCC_NO_COMMON_BLOCKS = YES;
				GCC_WARN_64_TO_32_BIT_CONVERSION = YES;
				GCC_WARN_ABOUT_RETURN_TYPE = YES_ERROR;
				GCC_WARN_UNDECLARED_SELECTOR = YES;
				GCC_WARN_UNINITIALIZED_AUTOS = YES_AGGRESSIVE;
				GCC_WARN_UNUSED_FUNCTION = YES;
				GCC_WARN_UNUSED_VARIABLE = YES;
				IPHONEOS_DEPLOYMENT_TARGET = 15.5;
				MTL_ENABLE_DEBUG_INFO = NO;
				MTL_FAST_MATH = YES;
				SDKROOT = iphoneos;
				SWIFT_COMPILATION_MODE = wholemodule;
				SWIFT_OPTIMIZATION_LEVEL = "-O";
				VALIDATE_PRODUCT = YES;
			};
			name = Release;
		};
		84C04689292CC5CA00CBD178 /* Debug */ = {
			isa = XCBuildConfiguration;
			buildSettings = {
				ASSETCATALOG_COMPILER_APPICON_NAME = AppIcon;
				ASSETCATALOG_COMPILER_GLOBAL_ACCENT_COLOR_NAME = AccentColor;
				CODE_SIGN_STYLE = Automatic;
				CURRENT_PROJECT_VERSION = 1;
				GENERATE_INFOPLIST_FILE = YES;
				INFOPLIST_FILE = GitHubSearcher/Info.plist;
				INFOPLIST_KEY_UIApplicationSupportsIndirectInputEvents = YES;
				INFOPLIST_KEY_UILaunchStoryboardName = LaunchScreen;
				INFOPLIST_KEY_UISupportedInterfaceOrientations_iPad = "UIInterfaceOrientationPortrait UIInterfaceOrientationPortraitUpsideDown UIInterfaceOrientationLandscapeLeft UIInterfaceOrientationLandscapeRight";
				INFOPLIST_KEY_UISupportedInterfaceOrientations_iPhone = "UIInterfaceOrientationPortrait UIInterfaceOrientationLandscapeLeft UIInterfaceOrientationLandscapeRight";
				LD_RUNPATH_SEARCH_PATHS = (
					"$(inherited)",
					"@executable_path/Frameworks",
				);
				MARKETING_VERSION = 1.0;
				PRODUCT_BUNDLE_IDENTIFIER = app.GitHubSearcher;
				PRODUCT_NAME = "$(TARGET_NAME)";
				SWIFT_EMIT_LOC_STRINGS = YES;
				SWIFT_VERSION = 5.0;
				TARGETED_DEVICE_FAMILY = "1,2";
			};
			name = Debug;
		};
		84C0468A292CC5CA00CBD178 /* Release */ = {
			isa = XCBuildConfiguration;
			buildSettings = {
				ASSETCATALOG_COMPILER_APPICON_NAME = AppIcon;
				ASSETCATALOG_COMPILER_GLOBAL_ACCENT_COLOR_NAME = AccentColor;
				CODE_SIGN_STYLE = Automatic;
				CURRENT_PROJECT_VERSION = 1;
				GENERATE_INFOPLIST_FILE = YES;
				INFOPLIST_FILE = GitHubSearcher/Info.plist;
				INFOPLIST_KEY_UIApplicationSupportsIndirectInputEvents = YES;
				INFOPLIST_KEY_UILaunchStoryboardName = LaunchScreen;
				INFOPLIST_KEY_UISupportedInterfaceOrientations_iPad = "UIInterfaceOrientationPortrait UIInterfaceOrientationPortraitUpsideDown UIInterfaceOrientationLandscapeLeft UIInterfaceOrientationLandscapeRight";
				INFOPLIST_KEY_UISupportedInterfaceOrientations_iPhone = "UIInterfaceOrientationPortrait UIInterfaceOrientationLandscapeLeft UIInterfaceOrientationLandscapeRight";
				LD_RUNPATH_SEARCH_PATHS = (
					"$(inherited)",
					"@executable_path/Frameworks",
				);
				MARKETING_VERSION = 1.0;
				PRODUCT_BUNDLE_IDENTIFIER = app.GitHubSearcher;
				PRODUCT_NAME = "$(TARGET_NAME)";
				SWIFT_EMIT_LOC_STRINGS = YES;
				SWIFT_VERSION = 5.0;
				TARGETED_DEVICE_FAMILY = "1,2";
			};
			name = Release;
		};
/* End XCBuildConfiguration section */

/* Begin XCConfigurationList section */
		84C0466F292CC5C900CBD178 /* Build configuration list for PBXProject "GitHubSearcher" */ = {
			isa = XCConfigurationList;
			buildConfigurations = (
				84C04686292CC5CA00CBD178 /* Debug */,
				84C04687292CC5CA00CBD178 /* Release */,
			);
			defaultConfigurationIsVisible = 0;
			defaultConfigurationName = Release;
		};
		84C04688292CC5CA00CBD178 /* Build configuration list for PBXNativeTarget "GitHubSearcher" */ = {
			isa = XCConfigurationList;
			buildConfigurations = (
				84C04689292CC5CA00CBD178 /* Debug */,
				84C0468A292CC5CA00CBD178 /* Release */,
			);
			defaultConfigurationIsVisible = 0;
			defaultConfigurationName = Release;
		};
/* End XCConfigurationList section */
	};
	rootObject = 84C0466C292CC5C900CBD178 /* Project object */;
}
